
Microsoft Visual Studio Solution File, Format Version 12.00
# Visual Studio Version 17
VisualStudioVersion = 17.12.35506.116 d17.12
MinimumVisualStudioVersion = 10.0.40219.1
Project("{FAE04EC0-301F-11D3-BF4B-00C04F79EFBC}") = "Calculator", "Calculator.csproj", "{0C2F215D-BE2B-4256-8888-B389016E023E}"
EndProject
Global
	GlobalSection(SolutionConfigurationPlatforms) = preSolution
		Debug|Any CPU = Debug|Any CPU
		Release|Any CPU = Release|Any CPU
	EndGlobalSection
	GlobalSection(ProjectConfigurationPlatforms) = postSolution
		{0C2F215D-BE2B-4256-8888-B389016E023E}.Debug|Any CPU.ActiveCfg = Debug|Any CPU
		{0C2F215D-BE2B-4256-8888-B389016E023E}.Debug|Any CPU.Build.0 = Debug|Any CPU
		{0C2F215D-BE2B-4256-8888-B389016E023E}.Release|Any CPU.ActiveCfg = Release|Any CPU
		{0C2F215D-BE2B-4256-8888-B389016E023E}.Release|Any CPU.Build.0 = Release|Any CPU
	EndGlobalSection
	GlobalSection(SolutionProperties) = preSolution
		HideSolutionNode = FALSE
	EndGlobalSection
EndGlobal
